// !$*UTF8*$!
{
	archiveVersion = 1;
	classes = {
	};
	objectVersion = 54;
	objects = {

/* Begin PBXBuildFile section */
		27508477FF810977F62FE1EF /* Pods_BuiltDiff_WatchKit_App.framework in Frameworks */ = {isa = PBXBuildFile; fileRef = B781BAF97D0DB336155A0C1A /* Pods_BuiltDiff_WatchKit_App.framework */; };
		40C7CAE9DBE30657BBD5A55F /* Pods_BuiltDiff.framework in Frameworks */ = {isa = PBXBuildFile; fileRef = 3731498553CCCEEBD9B831E4 /* Pods_BuiltDiff.framework */; };
		64A5E9043DE22D958CE2D5FB /* Pods_BuiltDiffTests.framework in Frameworks */ = {isa = PBXBuildFile; fileRef = F051F1439F1EA1501FDED5ED /* Pods_BuiltDiffTests.framework */; };
		730C2641271632D600B4152E /* JoinGroupViewController.swift in Sources */ = {isa = PBXBuildFile; fileRef = 730C2640271632D600B4152E /* JoinGroupViewController.swift */; };
		730C26472718C45200B4152E /* CreateGroupViewController.swift in Sources */ = {isa = PBXBuildFile; fileRef = 730C26462718C45200B4152E /* CreateGroupViewController.swift */; };
		730C264B2718CD6700B4152E /* AchievementsCollectionViewCell.swift in Sources */ = {isa = PBXBuildFile; fileRef = 730C264A2718CD6700B4152E /* AchievementsCollectionViewCell.swift */; };
		730E0609273AF8AA00C95E00 /* ListGroupsCollectionViewCell.swift in Sources */ = {isa = PBXBuildFile; fileRef = 730E0608273AF8AA00C95E00 /* ListGroupsCollectionViewCell.swift */; };
		73118F3C27091745005FE169 /* LoginViewController.swift in Sources */ = {isa = PBXBuildFile; fileRef = 73118F3B27091745005FE169 /* LoginViewController.swift */; };
		73118F3E27091778005FE169 /* HomeViewController.swift in Sources */ = {isa = PBXBuildFile; fileRef = 73118F3D27091778005FE169 /* HomeViewController.swift */; };
		73118F4027091784005FE169 /* GroupViewController.swift in Sources */ = {isa = PBXBuildFile; fileRef = 73118F3F27091784005FE169 /* GroupViewController.swift */; };
		73118F4227091790005FE169 /* ExerciseViewController.swift in Sources */ = {isa = PBXBuildFile; fileRef = 73118F4127091790005FE169 /* ExerciseViewController.swift */; };
		7355B8942743002900501F72 /* GroupDetailsCollectionViewCell.swift in Sources */ = {isa = PBXBuildFile; fileRef = 7355B8932743002900501F72 /* GroupDetailsCollectionViewCell.swift */; };
		7355B8962743183100501F72 /* CreateExerciseCollectionViewCell.swift in Sources */ = {isa = PBXBuildFile; fileRef = 7355B8952743183100501F72 /* CreateExerciseCollectionViewCell.swift */; };
		735F471B271A33F300309D08 /* JoinGroupCollectionViewCell.swift in Sources */ = {isa = PBXBuildFile; fileRef = 735F471A271A33F300309D08 /* JoinGroupCollectionViewCell.swift */; };
		73C8294A271B515F000091B9 /* ListGroupsViewController.swift in Sources */ = {isa = PBXBuildFile; fileRef = 73C82949271B515F000091B9 /* ListGroupsViewController.swift */; };
		73EB85F2274DBBA800015AF2 /* WorkoutDetailViewController.swift in Sources */ = {isa = PBXBuildFile; fileRef = 73EB85F1274DBBA800015AF2 /* WorkoutDetailViewController.swift */; };
		73F61169273EE80C0007E6FE /* GroupDetailsViewController.swift in Sources */ = {isa = PBXBuildFile; fileRef = 73F61168273EE80C0007E6FE /* GroupDetailsViewController.swift */; };
		73F9069A2712260C004E200F /* CustomCollectionViewCell.swift in Sources */ = {isa = PBXBuildFile; fileRef = 73F906992712260C004E200F /* CustomCollectionViewCell.swift */; };
		75008413274D9EA300A998A4 /* InspectExerciseViewController.swift in Sources */ = {isa = PBXBuildFile; fileRef = 75008412274D9EA300A998A4 /* InspectExerciseViewController.swift */; };
		75050FE7271AB84B00B79C41 /* AchievementViewController.swift in Sources */ = {isa = PBXBuildFile; fileRef = 75050FE6271AB84B00B79C41 /* AchievementViewController.swift */; };
		756E71442714A93800A4C3BE /* HealthKit.framework in Frameworks */ = {isa = PBXBuildFile; fileRef = 756E71432714A93800A4C3BE /* HealthKit.framework */; };
		756E71472714C95C00A4C3BE /* HealthKit.framework in Frameworks */ = {isa = PBXBuildFile; fileRef = 756E71462714C95C00A4C3BE /* HealthKit.framework */; };
		75AAB95E2719142500D83903 /* AchievementChecker.swift in Sources */ = {isa = PBXBuildFile; fileRef = 75AAB95D2719142500D83903 /* AchievementChecker.swift */; };
		75B4D17B261015B800DF4932 /* ProfileViewController.swift in Sources */ = {isa = PBXBuildFile; fileRef = 75B4D17A261015B800DF4932 /* ProfileViewController.swift */; };
		75BB15B3273583E900FCF5D9 /* (null) in Sources */ = {isa = PBXBuildFile; };
		75BB15B72735991F00FCF5D9 /* (null) in Sources */ = {isa = PBXBuildFile; };
		75F97BDF2746EC260066D631 /* (null) in Sources */ = {isa = PBXBuildFile; };
		75F97BE12746F71E0066D631 /* WatchInformationViewController.swift in Sources */ = {isa = PBXBuildFile; fileRef = 75F97BE02746F71E0066D631 /* WatchInformationViewController.swift */; };
		75F97BE32746F7A40066D631 /* CreateWorkoutViewController.swift in Sources */ = {isa = PBXBuildFile; fileRef = 75F97BE22746F7A40066D631 /* CreateWorkoutViewController.swift */; };
		75F97BE52746F81C0066D631 /* ExerciseHomeViewController.swift in Sources */ = {isa = PBXBuildFile; fileRef = 75F97BE42746F81C0066D631 /* ExerciseHomeViewController.swift */; };
		75F97BE72746FFBD0066D631 /* WorkoutListViewController.swift in Sources */ = {isa = PBXBuildFile; fileRef = 75F97BE62746FFBD0066D631 /* WorkoutListViewController.swift */; };
		ACEF6944579561611DD2955D /* Pods_BuiltDiff_BuiltDiffUITests.framework in Frameworks */ = {isa = PBXBuildFile; fileRef = 45A8BD8E607A47651244A6A4 /* Pods_BuiltDiff_BuiltDiffUITests.framework */; };
		EB205FB1260D3A4500C65260 /* RegisterViewController.swift in Sources */ = {isa = PBXBuildFile; fileRef = EB205FB0260D3A4500C65260 /* RegisterViewController.swift */; };
		EB3FC1EA27499E510049842D /* Workout.swift in Sources */ = {isa = PBXBuildFile; fileRef = EB3FC1E927499E510049842D /* Workout.swift */; };
		EB3FC1EC27499E670049842D /* WorkoutTask.swift in Sources */ = {isa = PBXBuildFile; fileRef = EB3FC1EB27499E670049842D /* WorkoutTask.swift */; };
		EB3FC1EE274DCB630049842D /* Exercise.swift in Sources */ = {isa = PBXBuildFile; fileRef = EB3FC1ED274DCB630049842D /* Exercise.swift */; };
		EB5D5A962710B71700027E00 /* Profile.swift in Sources */ = {isa = PBXBuildFile; fileRef = EB5D5A952710B71700027E00 /* Profile.swift */; };
		EB5D5A9E27120DF500027E00 /* Group.swift in Sources */ = {isa = PBXBuildFile; fileRef = EB5D5A9D27120DF500027E00 /* Group.swift */; };
		EBBE90A42604E8EA00D8D4D2 /* GoogleService-Info.plist in Resources */ = {isa = PBXBuildFile; fileRef = EBBE90A32604E8E900D8D4D2 /* GoogleService-Info.plist */; };
		EBC3240F26FFDC9E00DA426A /* FirebaseAccessLayer.swift in Sources */ = {isa = PBXBuildFile; fileRef = EBC3240E26FFDC9E00DA426A /* FirebaseAccessLayer.swift */; };
		EBDE95CC260292F800B9E544 /* AppDelegate.swift in Sources */ = {isa = PBXBuildFile; fileRef = EBDE95CB260292F800B9E544 /* AppDelegate.swift */; };
		EBDE95CE260292F800B9E544 /* SceneDelegate.swift in Sources */ = {isa = PBXBuildFile; fileRef = EBDE95CD260292F800B9E544 /* SceneDelegate.swift */; };
		EBDE95D0260292F800B9E544 /* ViewController.swift in Sources */ = {isa = PBXBuildFile; fileRef = EBDE95CF260292F800B9E544 /* ViewController.swift */; };
		EBDE95D3260292F800B9E544 /* Main.storyboard in Resources */ = {isa = PBXBuildFile; fileRef = EBDE95D1260292F800B9E544 /* Main.storyboard */; };
		EBDE95D5260292F900B9E544 /* Assets.xcassets in Resources */ = {isa = PBXBuildFile; fileRef = EBDE95D4260292F900B9E544 /* Assets.xcassets */; };
		EBDE95E3260292F900B9E544 /* BuiltDiffTests.swift in Sources */ = {isa = PBXBuildFile; fileRef = EBDE95E2260292F900B9E544 /* BuiltDiffTests.swift */; };
		EBDE95EE260292F900B9E544 /* BuiltDiffUITests.swift in Sources */ = {isa = PBXBuildFile; fileRef = EBDE95ED260292F900B9E544 /* BuiltDiffUITests.swift */; };
		EBDE95F3260292F900B9E544 /* BuiltDiff WatchKit App.app in Embed Watch Content */ = {isa = PBXBuildFile; fileRef = EBDE95F2260292F900B9E544 /* BuiltDiff WatchKit App.app */; settings = {ATTRIBUTES = (RemoveHeadersOnCopy, ); }; };
		EBDE95F9260292F900B9E544 /* Interface.storyboard in Resources */ = {isa = PBXBuildFile; fileRef = EBDE95F7260292F900B9E544 /* Interface.storyboard */; };
		EBDE95FB260292FA00B9E544 /* Assets.xcassets in Resources */ = {isa = PBXBuildFile; fileRef = EBDE95FA260292FA00B9E544 /* Assets.xcassets */; };
		EBDE9602260292FA00B9E544 /* BuiltDiff WatchKit Extension.appex in Embed App Extensions */ = {isa = PBXBuildFile; fileRef = EBDE9601260292FA00B9E544 /* BuiltDiff WatchKit Extension.appex */; settings = {ATTRIBUTES = (RemoveHeadersOnCopy, ); }; };
		EBDE9607260292FA00B9E544 /* InterfaceController.swift in Sources */ = {isa = PBXBuildFile; fileRef = EBDE9606260292FA00B9E544 /* InterfaceController.swift */; };
		EBDE9609260292FA00B9E544 /* ExtensionDelegate.swift in Sources */ = {isa = PBXBuildFile; fileRef = EBDE9608260292FA00B9E544 /* ExtensionDelegate.swift */; };
		EBDE960B260292FA00B9E544 /* NotificationController.swift in Sources */ = {isa = PBXBuildFile; fileRef = EBDE960A260292FA00B9E544 /* NotificationController.swift */; };
		EBDE960D260292FA00B9E544 /* ComplicationController.swift in Sources */ = {isa = PBXBuildFile; fileRef = EBDE960C260292FA00B9E544 /* ComplicationController.swift */; };
		EBDE960F260292FB00B9E544 /* Assets.xcassets in Resources */ = {isa = PBXBuildFile; fileRef = EBDE960E260292FB00B9E544 /* Assets.xcassets */; };
/* End PBXBuildFile section */

/* Begin PBXContainerItemProxy section */
		EBDE95DF260292F900B9E544 /* PBXContainerItemProxy */ = {
			isa = PBXContainerItemProxy;
			containerPortal = EBDE95C0260292F800B9E544 /* Project object */;
			proxyType = 1;
			remoteGlobalIDString = EBDE95C7260292F800B9E544;
			remoteInfo = BuiltDiff;
		};
		EBDE95EA260292F900B9E544 /* PBXContainerItemProxy */ = {
			isa = PBXContainerItemProxy;
			containerPortal = EBDE95C0260292F800B9E544 /* Project object */;
			proxyType = 1;
			remoteGlobalIDString = EBDE95C7260292F800B9E544;
			remoteInfo = BuiltDiff;
		};
		EBDE95F4260292F900B9E544 /* PBXContainerItemProxy */ = {
			isa = PBXContainerItemProxy;
			containerPortal = EBDE95C0260292F800B9E544 /* Project object */;
			proxyType = 1;
			remoteGlobalIDString = EBDE95F1260292F900B9E544;
			remoteInfo = "BuiltDiff WatchKit App";
		};
		EBDE9603260292FA00B9E544 /* PBXContainerItemProxy */ = {
			isa = PBXContainerItemProxy;
			containerPortal = EBDE95C0260292F800B9E544 /* Project object */;
			proxyType = 1;
			remoteGlobalIDString = EBDE9600260292FA00B9E544;
			remoteInfo = "BuiltDiff WatchKit Extension";
		};
/* End PBXContainerItemProxy section */

/* Begin PBXCopyFilesBuildPhase section */
		EBDE9617260292FB00B9E544 /* Embed App Extensions */ = {
			isa = PBXCopyFilesBuildPhase;
			buildActionMask = 2147483647;
			dstPath = "";
			dstSubfolderSpec = 13;
			files = (
				EBDE9602260292FA00B9E544 /* BuiltDiff WatchKit Extension.appex in Embed App Extensions */,
			);
			name = "Embed App Extensions";
			runOnlyForDeploymentPostprocessing = 0;
		};
		EBDE961B260292FB00B9E544 /* Embed Watch Content */ = {
			isa = PBXCopyFilesBuildPhase;
			buildActionMask = 2147483647;
			dstPath = "$(CONTENTS_FOLDER_PATH)/Watch";
			dstSubfolderSpec = 16;
			files = (
				EBDE95F3260292F900B9E544 /* BuiltDiff WatchKit App.app in Embed Watch Content */,
			);
			name = "Embed Watch Content";
			runOnlyForDeploymentPostprocessing = 0;
		};
/* End PBXCopyFilesBuildPhase section */

/* Begin PBXFileReference section */
		2C366CA4093CE6034CC7732D /* Pods-BuiltDiff-BuiltDiffUITests.release.xcconfig */ = {isa = PBXFileReference; includeInIndex = 1; lastKnownFileType = text.xcconfig; name = "Pods-BuiltDiff-BuiltDiffUITests.release.xcconfig"; path = "Target Support Files/Pods-BuiltDiff-BuiltDiffUITests/Pods-BuiltDiff-BuiltDiffUITests.release.xcconfig"; sourceTree = "<group>"; };
		3731498553CCCEEBD9B831E4 /* Pods_BuiltDiff.framework */ = {isa = PBXFileReference; explicitFileType = wrapper.framework; includeInIndex = 0; path = Pods_BuiltDiff.framework; sourceTree = BUILT_PRODUCTS_DIR; };
		45A8BD8E607A47651244A6A4 /* Pods_BuiltDiff_BuiltDiffUITests.framework */ = {isa = PBXFileReference; explicitFileType = wrapper.framework; includeInIndex = 0; path = Pods_BuiltDiff_BuiltDiffUITests.framework; sourceTree = BUILT_PRODUCTS_DIR; };
		4DCBB9C3200483437BD55520 /* Pods-BuiltDiff.release.xcconfig */ = {isa = PBXFileReference; includeInIndex = 1; lastKnownFileType = text.xcconfig; name = "Pods-BuiltDiff.release.xcconfig"; path = "Target Support Files/Pods-BuiltDiff/Pods-BuiltDiff.release.xcconfig"; sourceTree = "<group>"; };
		59887B5BBE7F80180489E854 /* Pods-BuiltDiff WatchKit App.debug.xcconfig */ = {isa = PBXFileReference; includeInIndex = 1; lastKnownFileType = text.xcconfig; name = "Pods-BuiltDiff WatchKit App.debug.xcconfig"; path = "Target Support Files/Pods-BuiltDiff WatchKit App/Pods-BuiltDiff WatchKit App.debug.xcconfig"; sourceTree = "<group>"; };
		6470452FF69AE3AD2639BC25 /* Pods-BuiltDiffTests.release.xcconfig */ = {isa = PBXFileReference; includeInIndex = 1; lastKnownFileType = text.xcconfig; name = "Pods-BuiltDiffTests.release.xcconfig"; path = "Target Support Files/Pods-BuiltDiffTests/Pods-BuiltDiffTests.release.xcconfig"; sourceTree = "<group>"; };
		6A40F75D6B158312FB73D78D /* Pods-BuiltDiff-BuiltDiffUITests.debug.xcconfig */ = {isa = PBXFileReference; includeInIndex = 1; lastKnownFileType = text.xcconfig; name = "Pods-BuiltDiff-BuiltDiffUITests.debug.xcconfig"; path = "Target Support Files/Pods-BuiltDiff-BuiltDiffUITests/Pods-BuiltDiff-BuiltDiffUITests.debug.xcconfig"; sourceTree = "<group>"; };
		730C2640271632D600B4152E /* JoinGroupViewController.swift */ = {isa = PBXFileReference; lastKnownFileType = sourcecode.swift; path = JoinGroupViewController.swift; sourceTree = "<group>"; };
		730C26462718C45200B4152E /* CreateGroupViewController.swift */ = {isa = PBXFileReference; lastKnownFileType = sourcecode.swift; path = CreateGroupViewController.swift; sourceTree = "<group>"; };
		730C264A2718CD6700B4152E /* AchievementsCollectionViewCell.swift */ = {isa = PBXFileReference; lastKnownFileType = sourcecode.swift; path = AchievementsCollectionViewCell.swift; sourceTree = "<group>"; };
		730E0608273AF8AA00C95E00 /* ListGroupsCollectionViewCell.swift */ = {isa = PBXFileReference; lastKnownFileType = sourcecode.swift; path = ListGroupsCollectionViewCell.swift; sourceTree = "<group>"; };
		73118F3B27091745005FE169 /* LoginViewController.swift */ = {isa = PBXFileReference; lastKnownFileType = sourcecode.swift; path = LoginViewController.swift; sourceTree = "<group>"; };
		73118F3D27091778005FE169 /* HomeViewController.swift */ = {isa = PBXFileReference; lastKnownFileType = sourcecode.swift; path = HomeViewController.swift; sourceTree = "<group>"; };
		73118F3F27091784005FE169 /* GroupViewController.swift */ = {isa = PBXFileReference; lastKnownFileType = sourcecode.swift; path = GroupViewController.swift; sourceTree = "<group>"; };
		73118F4127091790005FE169 /* ExerciseViewController.swift */ = {isa = PBXFileReference; lastKnownFileType = sourcecode.swift; path = ExerciseViewController.swift; sourceTree = "<group>"; };
		7355B8932743002900501F72 /* GroupDetailsCollectionViewCell.swift */ = {isa = PBXFileReference; lastKnownFileType = sourcecode.swift; path = GroupDetailsCollectionViewCell.swift; sourceTree = "<group>"; };
		7355B8952743183100501F72 /* CreateExerciseCollectionViewCell.swift */ = {isa = PBXFileReference; lastKnownFileType = sourcecode.swift; path = CreateExerciseCollectionViewCell.swift; sourceTree = "<group>"; };
		735F471A271A33F300309D08 /* JoinGroupCollectionViewCell.swift */ = {isa = PBXFileReference; lastKnownFileType = sourcecode.swift; path = JoinGroupCollectionViewCell.swift; sourceTree = "<group>"; };
		73C82949271B515F000091B9 /* ListGroupsViewController.swift */ = {isa = PBXFileReference; lastKnownFileType = sourcecode.swift; path = ListGroupsViewController.swift; sourceTree = "<group>"; };
		73EB85F1274DBBA800015AF2 /* WorkoutDetailViewController.swift */ = {isa = PBXFileReference; lastKnownFileType = sourcecode.swift; path = WorkoutDetailViewController.swift; sourceTree = "<group>"; };
		73F61168273EE80C0007E6FE /* GroupDetailsViewController.swift */ = {isa = PBXFileReference; lastKnownFileType = sourcecode.swift; path = GroupDetailsViewController.swift; sourceTree = "<group>"; };
		73F906992712260C004E200F /* CustomCollectionViewCell.swift */ = {isa = PBXFileReference; lastKnownFileType = sourcecode.swift; path = CustomCollectionViewCell.swift; sourceTree = "<group>"; };
		75008412274D9EA300A998A4 /* InspectExerciseViewController.swift */ = {isa = PBXFileReference; lastKnownFileType = sourcecode.swift; path = InspectExerciseViewController.swift; sourceTree = "<group>"; };
		75050FE6271AB84B00B79C41 /* AchievementViewController.swift */ = {isa = PBXFileReference; lastKnownFileType = sourcecode.swift; path = AchievementViewController.swift; sourceTree = "<group>"; };
		756E71422714A93800A4C3BE /* BuiltDiff WatchKit Extension.entitlements */ = {isa = PBXFileReference; lastKnownFileType = text.plist.entitlements; path = "BuiltDiff WatchKit Extension.entitlements"; sourceTree = "<group>"; };
		756E71432714A93800A4C3BE /* HealthKit.framework */ = {isa = PBXFileReference; lastKnownFileType = wrapper.framework; name = HealthKit.framework; path = Platforms/WatchOS.platform/Developer/SDKs/WatchOS8.0.sdk/System/Library/Frameworks/HealthKit.framework; sourceTree = DEVELOPER_DIR; };
		756E71452714C95C00A4C3BE /* BuiltDiff.entitlements */ = {isa = PBXFileReference; lastKnownFileType = text.plist.entitlements; path = BuiltDiff.entitlements; sourceTree = "<group>"; };
		756E71462714C95C00A4C3BE /* HealthKit.framework */ = {isa = PBXFileReference; lastKnownFileType = wrapper.framework; name = HealthKit.framework; path = Platforms/iPhoneOS.platform/Developer/SDKs/iPhoneOS15.0.sdk/System/Library/Frameworks/HealthKit.framework; sourceTree = DEVELOPER_DIR; };
		75AAB95D2719142500D83903 /* AchievementChecker.swift */ = {isa = PBXFileReference; lastKnownFileType = sourcecode.swift; path = AchievementChecker.swift; sourceTree = "<group>"; };
		75B4D17A261015B800DF4932 /* ProfileViewController.swift */ = {isa = PBXFileReference; lastKnownFileType = sourcecode.swift; path = ProfileViewController.swift; sourceTree = "<group>"; };
		75F97BE02746F71E0066D631 /* WatchInformationViewController.swift */ = {isa = PBXFileReference; lastKnownFileType = sourcecode.swift; name = WatchInformationViewController.swift; path = GroupViewControllers/WatchInformationViewController.swift; sourceTree = "<group>"; };
		75F97BE22746F7A40066D631 /* CreateWorkoutViewController.swift */ = {isa = PBXFileReference; lastKnownFileType = sourcecode.swift; name = CreateWorkoutViewController.swift; path = GroupViewControllers/CreateWorkoutViewController.swift; sourceTree = "<group>"; };
		75F97BE42746F81C0066D631 /* ExerciseHomeViewController.swift */ = {isa = PBXFileReference; lastKnownFileType = sourcecode.swift; name = ExerciseHomeViewController.swift; path = GroupViewControllers/ExerciseHomeViewController.swift; sourceTree = "<group>"; };
		75F97BE62746FFBD0066D631 /* WorkoutListViewController.swift */ = {isa = PBXFileReference; lastKnownFileType = sourcecode.swift; path = WorkoutListViewController.swift; sourceTree = "<group>"; };
		8820FCDCE68D4B70BB59BF39 /* Pods-BuiltDiff.debug.xcconfig */ = {isa = PBXFileReference; includeInIndex = 1; lastKnownFileType = text.xcconfig; name = "Pods-BuiltDiff.debug.xcconfig"; path = "Target Support Files/Pods-BuiltDiff/Pods-BuiltDiff.debug.xcconfig"; sourceTree = "<group>"; };
		B781BAF97D0DB336155A0C1A /* Pods_BuiltDiff_WatchKit_App.framework */ = {isa = PBXFileReference; explicitFileType = wrapper.framework; includeInIndex = 0; path = Pods_BuiltDiff_WatchKit_App.framework; sourceTree = BUILT_PRODUCTS_DIR; };
		CAA0453AD9842FE6BB3DAC65 /* Pods-BuiltDiff WatchKit App.release.xcconfig */ = {isa = PBXFileReference; includeInIndex = 1; lastKnownFileType = text.xcconfig; name = "Pods-BuiltDiff WatchKit App.release.xcconfig"; path = "Target Support Files/Pods-BuiltDiff WatchKit App/Pods-BuiltDiff WatchKit App.release.xcconfig"; sourceTree = "<group>"; };
		D0BDB212FABC51C57F70E3BA /* Pods-BuiltDiffTests.debug.xcconfig */ = {isa = PBXFileReference; includeInIndex = 1; lastKnownFileType = text.xcconfig; name = "Pods-BuiltDiffTests.debug.xcconfig"; path = "Target Support Files/Pods-BuiltDiffTests/Pods-BuiltDiffTests.debug.xcconfig"; sourceTree = "<group>"; };
		EB205FB0260D3A4500C65260 /* RegisterViewController.swift */ = {isa = PBXFileReference; lastKnownFileType = sourcecode.swift; path = RegisterViewController.swift; sourceTree = "<group>"; };
		EB3FC1E927499E510049842D /* Workout.swift */ = {isa = PBXFileReference; lastKnownFileType = sourcecode.swift; path = Workout.swift; sourceTree = "<group>"; };
		EB3FC1EB27499E670049842D /* WorkoutTask.swift */ = {isa = PBXFileReference; lastKnownFileType = sourcecode.swift; path = WorkoutTask.swift; sourceTree = "<group>"; };
		EB3FC1ED274DCB630049842D /* Exercise.swift */ = {isa = PBXFileReference; lastKnownFileType = sourcecode.swift; path = Exercise.swift; sourceTree = "<group>"; };
		EB5D5A952710B71700027E00 /* Profile.swift */ = {isa = PBXFileReference; lastKnownFileType = sourcecode.swift; path = Profile.swift; sourceTree = "<group>"; };
		EB5D5A9D27120DF500027E00 /* Group.swift */ = {isa = PBXFileReference; lastKnownFileType = sourcecode.swift; path = Group.swift; sourceTree = "<group>"; };
		EBBE90A32604E8E900D8D4D2 /* GoogleService-Info.plist */ = {isa = PBXFileReference; fileEncoding = 4; lastKnownFileType = text.plist.xml; path = "GoogleService-Info.plist"; sourceTree = "<group>"; };
		EBC3240E26FFDC9E00DA426A /* FirebaseAccessLayer.swift */ = {isa = PBXFileReference; lastKnownFileType = sourcecode.swift; path = FirebaseAccessLayer.swift; sourceTree = "<group>"; };
		EBDE95C8260292F800B9E544 /* BuiltDiff.app */ = {isa = PBXFileReference; explicitFileType = wrapper.application; includeInIndex = 0; path = BuiltDiff.app; sourceTree = BUILT_PRODUCTS_DIR; };
		EBDE95CB260292F800B9E544 /* AppDelegate.swift */ = {isa = PBXFileReference; lastKnownFileType = sourcecode.swift; path = AppDelegate.swift; sourceTree = "<group>"; };
		EBDE95CD260292F800B9E544 /* SceneDelegate.swift */ = {isa = PBXFileReference; lastKnownFileType = sourcecode.swift; path = SceneDelegate.swift; sourceTree = "<group>"; };
		EBDE95CF260292F800B9E544 /* ViewController.swift */ = {isa = PBXFileReference; lastKnownFileType = sourcecode.swift; path = ViewController.swift; sourceTree = "<group>"; };
		EBDE95D2260292F800B9E544 /* Base */ = {isa = PBXFileReference; lastKnownFileType = file.storyboard; name = Base; path = Base.lproj/Main.storyboard; sourceTree = "<group>"; };
		EBDE95D4260292F900B9E544 /* Assets.xcassets */ = {isa = PBXFileReference; lastKnownFileType = folder.assetcatalog; path = Assets.xcassets; sourceTree = "<group>"; };
		EBDE95D9260292F900B9E544 /* Info.plist */ = {isa = PBXFileReference; lastKnownFileType = text.plist.xml; path = Info.plist; sourceTree = "<group>"; };
		EBDE95DE260292F900B9E544 /* BuiltDiffTests.xctest */ = {isa = PBXFileReference; explicitFileType = wrapper.cfbundle; includeInIndex = 0; path = BuiltDiffTests.xctest; sourceTree = BUILT_PRODUCTS_DIR; };
		EBDE95E2260292F900B9E544 /* BuiltDiffTests.swift */ = {isa = PBXFileReference; lastKnownFileType = sourcecode.swift; path = BuiltDiffTests.swift; sourceTree = "<group>"; };
		EBDE95E4260292F900B9E544 /* Info.plist */ = {isa = PBXFileReference; lastKnownFileType = text.plist.xml; path = Info.plist; sourceTree = "<group>"; };
		EBDE95E9260292F900B9E544 /* BuiltDiffUITests.xctest */ = {isa = PBXFileReference; explicitFileType = wrapper.cfbundle; includeInIndex = 0; path = BuiltDiffUITests.xctest; sourceTree = BUILT_PRODUCTS_DIR; };
		EBDE95ED260292F900B9E544 /* BuiltDiffUITests.swift */ = {isa = PBXFileReference; lastKnownFileType = sourcecode.swift; path = BuiltDiffUITests.swift; sourceTree = "<group>"; };
		EBDE95EF260292F900B9E544 /* Info.plist */ = {isa = PBXFileReference; lastKnownFileType = text.plist.xml; path = Info.plist; sourceTree = "<group>"; };
		EBDE95F2260292F900B9E544 /* BuiltDiff WatchKit App.app */ = {isa = PBXFileReference; explicitFileType = wrapper.application; includeInIndex = 0; path = "BuiltDiff WatchKit App.app"; sourceTree = BUILT_PRODUCTS_DIR; };
		EBDE95F8260292F900B9E544 /* Base */ = {isa = PBXFileReference; lastKnownFileType = file.storyboard; name = Base; path = Base.lproj/Interface.storyboard; sourceTree = "<group>"; };
		EBDE95FA260292FA00B9E544 /* Assets.xcassets */ = {isa = PBXFileReference; lastKnownFileType = folder.assetcatalog; path = Assets.xcassets; sourceTree = "<group>"; };
		EBDE95FC260292FA00B9E544 /* Info.plist */ = {isa = PBXFileReference; lastKnownFileType = text.plist.xml; path = Info.plist; sourceTree = "<group>"; };
		EBDE9601260292FA00B9E544 /* BuiltDiff WatchKit Extension.appex */ = {isa = PBXFileReference; explicitFileType = "wrapper.app-extension"; includeInIndex = 0; path = "BuiltDiff WatchKit Extension.appex"; sourceTree = BUILT_PRODUCTS_DIR; };
		EBDE9606260292FA00B9E544 /* InterfaceController.swift */ = {isa = PBXFileReference; lastKnownFileType = sourcecode.swift; path = InterfaceController.swift; sourceTree = "<group>"; };
		EBDE9608260292FA00B9E544 /* ExtensionDelegate.swift */ = {isa = PBXFileReference; lastKnownFileType = sourcecode.swift; path = ExtensionDelegate.swift; sourceTree = "<group>"; };
		EBDE960A260292FA00B9E544 /* NotificationController.swift */ = {isa = PBXFileReference; lastKnownFileType = sourcecode.swift; path = NotificationController.swift; sourceTree = "<group>"; };
		EBDE960C260292FA00B9E544 /* ComplicationController.swift */ = {isa = PBXFileReference; lastKnownFileType = sourcecode.swift; path = ComplicationController.swift; sourceTree = "<group>"; };
		EBDE960E260292FB00B9E544 /* Assets.xcassets */ = {isa = PBXFileReference; lastKnownFileType = folder.assetcatalog; path = Assets.xcassets; sourceTree = "<group>"; };
		EBDE9610260292FB00B9E544 /* Info.plist */ = {isa = PBXFileReference; lastKnownFileType = text.plist.xml; path = Info.plist; sourceTree = "<group>"; };
		EBDE9611260292FB00B9E544 /* PushNotificationPayload.apns */ = {isa = PBXFileReference; lastKnownFileType = text; path = PushNotificationPayload.apns; sourceTree = "<group>"; };
		F051F1439F1EA1501FDED5ED /* Pods_BuiltDiffTests.framework */ = {isa = PBXFileReference; explicitFileType = wrapper.framework; includeInIndex = 0; path = Pods_BuiltDiffTests.framework; sourceTree = BUILT_PRODUCTS_DIR; };
/* End PBXFileReference section */

/* Begin PBXFrameworksBuildPhase section */
		253055BFA34034FE1475A922 /* Frameworks */ = {
			isa = PBXFrameworksBuildPhase;
			buildActionMask = 2147483647;
			files = (
				27508477FF810977F62FE1EF /* Pods_BuiltDiff_WatchKit_App.framework in Frameworks */,
			);
			runOnlyForDeploymentPostprocessing = 0;
		};
		EBDE95C5260292F800B9E544 /* Frameworks */ = {
			isa = PBXFrameworksBuildPhase;
			buildActionMask = 2147483647;
			files = (
				756E71472714C95C00A4C3BE /* HealthKit.framework in Frameworks */,
				40C7CAE9DBE30657BBD5A55F /* Pods_BuiltDiff.framework in Frameworks */,
			);
			runOnlyForDeploymentPostprocessing = 0;
		};
		EBDE95DB260292F900B9E544 /* Frameworks */ = {
			isa = PBXFrameworksBuildPhase;
			buildActionMask = 2147483647;
			files = (
				64A5E9043DE22D958CE2D5FB /* Pods_BuiltDiffTests.framework in Frameworks */,
			);
			runOnlyForDeploymentPostprocessing = 0;
		};
		EBDE95E6260292F900B9E544 /* Frameworks */ = {
			isa = PBXFrameworksBuildPhase;
			buildActionMask = 2147483647;
			files = (
				ACEF6944579561611DD2955D /* Pods_BuiltDiff_BuiltDiffUITests.framework in Frameworks */,
			);
			runOnlyForDeploymentPostprocessing = 0;
		};
		EBDE95FE260292FA00B9E544 /* Frameworks */ = {
			isa = PBXFrameworksBuildPhase;
			buildActionMask = 2147483647;
			files = (
				756E71442714A93800A4C3BE /* HealthKit.framework in Frameworks */,
			);
			runOnlyForDeploymentPostprocessing = 0;
		};
/* End PBXFrameworksBuildPhase section */

/* Begin PBXGroup section */
		09D469F6D4895731C441319A /* Pods */ = {
			isa = PBXGroup;
			children = (
				8820FCDCE68D4B70BB59BF39 /* Pods-BuiltDiff.debug.xcconfig */,
				4DCBB9C3200483437BD55520 /* Pods-BuiltDiff.release.xcconfig */,
				59887B5BBE7F80180489E854 /* Pods-BuiltDiff WatchKit App.debug.xcconfig */,
				CAA0453AD9842FE6BB3DAC65 /* Pods-BuiltDiff WatchKit App.release.xcconfig */,
				6A40F75D6B158312FB73D78D /* Pods-BuiltDiff-BuiltDiffUITests.debug.xcconfig */,
				2C366CA4093CE6034CC7732D /* Pods-BuiltDiff-BuiltDiffUITests.release.xcconfig */,
				D0BDB212FABC51C57F70E3BA /* Pods-BuiltDiffTests.debug.xcconfig */,
				6470452FF69AE3AD2639BC25 /* Pods-BuiltDiffTests.release.xcconfig */,
			);
			path = Pods;
			sourceTree = "<group>";
		};
		73C82948271B5111000091B9 /* GroupViewControllers */ = {
			isa = PBXGroup;
			children = (
				73118F3F27091784005FE169 /* GroupViewController.swift */,
				730C2640271632D600B4152E /* JoinGroupViewController.swift */,
				735F471A271A33F300309D08 /* JoinGroupCollectionViewCell.swift */,
				730C26462718C45200B4152E /* CreateGroupViewController.swift */,
				73C82949271B515F000091B9 /* ListGroupsViewController.swift */,
				730E0608273AF8AA00C95E00 /* ListGroupsCollectionViewCell.swift */,
				73F61168273EE80C0007E6FE /* GroupDetailsViewController.swift */,
				7355B8932743002900501F72 /* GroupDetailsCollectionViewCell.swift */,
				7355B8952743183100501F72 /* CreateExerciseCollectionViewCell.swift */,
				73EB85F1274DBBA800015AF2 /* WorkoutDetailViewController.swift */,
			);
			path = GroupViewControllers;
			sourceTree = "<group>";
		};
		75B4D14F261014FB00DF4932 /* StoryBoards */ = {
			isa = PBXGroup;
			children = (
				EBDE95D1260292F800B9E544 /* Main.storyboard */,
			);
			path = StoryBoards;
			sourceTree = "<group>";
		};
		A17DB30EB90F07F8797F3293 /* Frameworks */ = {
			isa = PBXGroup;
			children = (
				756E71462714C95C00A4C3BE /* HealthKit.framework */,
				756E71432714A93800A4C3BE /* HealthKit.framework */,
				3731498553CCCEEBD9B831E4 /* Pods_BuiltDiff.framework */,
				B781BAF97D0DB336155A0C1A /* Pods_BuiltDiff_WatchKit_App.framework */,
				45A8BD8E607A47651244A6A4 /* Pods_BuiltDiff_BuiltDiffUITests.framework */,
				F051F1439F1EA1501FDED5ED /* Pods_BuiltDiffTests.framework */,
			);
			name = Frameworks;
			sourceTree = "<group>";
		};
		EB205FAA260D398900C65260 /* ViewControllers */ = {
			isa = PBXGroup;
			children = (
				73C82948271B5111000091B9 /* GroupViewControllers */,
				EBDE95CF260292F800B9E544 /* ViewController.swift */,
				75F97BE42746F81C0066D631 /* ExerciseHomeViewController.swift */,
				75B4D17A261015B800DF4932 /* ProfileViewController.swift */,
				75F97BE22746F7A40066D631 /* CreateWorkoutViewController.swift */,
				75F97BE02746F71E0066D631 /* WatchInformationViewController.swift */,
				EB205FB0260D3A4500C65260 /* RegisterViewController.swift */,
				73118F3B27091745005FE169 /* LoginViewController.swift */,
				75008412274D9EA300A998A4 /* InspectExerciseViewController.swift */,
				73118F3D27091778005FE169 /* HomeViewController.swift */,
				73118F4127091790005FE169 /* ExerciseViewController.swift */,
				730C264A2718CD6700B4152E /* AchievementsCollectionViewCell.swift */,
				75AAB95D2719142500D83903 /* AchievementChecker.swift */,
				73F906992712260C004E200F /* CustomCollectionViewCell.swift */,
				75050FE6271AB84B00B79C41 /* AchievementViewController.swift */,
				75F97BE62746FFBD0066D631 /* WorkoutListViewController.swift */,
			);
			path = ViewControllers;
			sourceTree = "<group>";
		};
		EB5D5A942710B6F500027E00 /* Library */ = {
			isa = PBXGroup;
			children = (
				EB5D5A952710B71700027E00 /* Profile.swift */,
				EB5D5A9D27120DF500027E00 /* Group.swift */,
				EB3FC1E927499E510049842D /* Workout.swift */,
				EB3FC1EB27499E670049842D /* WorkoutTask.swift */,
				EB3FC1ED274DCB630049842D /* Exercise.swift */,
			);
			path = Library;
			sourceTree = "<group>";
		};
		EBC3240126FFC4A300DA426A /* FireBase */ = {
			isa = PBXGroup;
			children = (
				EBC3240E26FFDC9E00DA426A /* FirebaseAccessLayer.swift */,
			);
			path = FireBase;
			sourceTree = "<group>";
		};
		EBDE95BF260292F800B9E544 = {
			isa = PBXGroup;
			children = (
				EBDE95CA260292F800B9E544 /* BuiltDiff */,
				EBDE95E1260292F900B9E544 /* BuiltDiffTests */,
				EBDE95EC260292F900B9E544 /* BuiltDiffUITests */,
				EBDE95F6260292F900B9E544 /* BuiltDiff WatchKit App */,
				EBDE9605260292FA00B9E544 /* BuiltDiff WatchKit Extension */,
				EBDE95C9260292F800B9E544 /* Products */,
				09D469F6D4895731C441319A /* Pods */,
				A17DB30EB90F07F8797F3293 /* Frameworks */,
			);
			sourceTree = "<group>";
		};
		EBDE95C9260292F800B9E544 /* Products */ = {
			isa = PBXGroup;
			children = (
				EBDE95C8260292F800B9E544 /* BuiltDiff.app */,
				EBDE95DE260292F900B9E544 /* BuiltDiffTests.xctest */,
				EBDE95E9260292F900B9E544 /* BuiltDiffUITests.xctest */,
				EBDE95F2260292F900B9E544 /* BuiltDiff WatchKit App.app */,
				EBDE9601260292FA00B9E544 /* BuiltDiff WatchKit Extension.appex */,
			);
			name = Products;
			sourceTree = "<group>";
		};
		EBDE95CA260292F800B9E544 /* BuiltDiff */ = {
			isa = PBXGroup;
			children = (
				756E71452714C95C00A4C3BE /* BuiltDiff.entitlements */,
				EB5D5A942710B6F500027E00 /* Library */,
				EBC3240126FFC4A300DA426A /* FireBase */,
				75B4D14F261014FB00DF4932 /* StoryBoards */,
				EB205FAA260D398900C65260 /* ViewControllers */,
				EBBE90A32604E8E900D8D4D2 /* GoogleService-Info.plist */,
				EBDE95CB260292F800B9E544 /* AppDelegate.swift */,
				EBDE95CD260292F800B9E544 /* SceneDelegate.swift */,
				EBDE95D4260292F900B9E544 /* Assets.xcassets */,
				EBDE95D9260292F900B9E544 /* Info.plist */,
			);
			path = BuiltDiff;
			sourceTree = "<group>";
		};
		EBDE95E1260292F900B9E544 /* BuiltDiffTests */ = {
			isa = PBXGroup;
			children = (
				EBDE95E2260292F900B9E544 /* BuiltDiffTests.swift */,
				EBDE95E4260292F900B9E544 /* Info.plist */,
			);
			path = BuiltDiffTests;
			sourceTree = "<group>";
		};
		EBDE95EC260292F900B9E544 /* BuiltDiffUITests */ = {
			isa = PBXGroup;
			children = (
				EBDE95ED260292F900B9E544 /* BuiltDiffUITests.swift */,
				EBDE95EF260292F900B9E544 /* Info.plist */,
			);
			path = BuiltDiffUITests;
			sourceTree = "<group>";
		};
		EBDE95F6260292F900B9E544 /* BuiltDiff WatchKit App */ = {
			isa = PBXGroup;
			children = (
				EBDE95F7260292F900B9E544 /* Interface.storyboard */,
				EBDE95FA260292FA00B9E544 /* Assets.xcassets */,
				EBDE95FC260292FA00B9E544 /* Info.plist */,
			);
			path = "BuiltDiff WatchKit App";
			sourceTree = "<group>";
		};
		EBDE9605260292FA00B9E544 /* BuiltDiff WatchKit Extension */ = {
			isa = PBXGroup;
			children = (
				756E71422714A93800A4C3BE /* BuiltDiff WatchKit Extension.entitlements */,
				EBDE9606260292FA00B9E544 /* InterfaceController.swift */,
				EBDE9608260292FA00B9E544 /* ExtensionDelegate.swift */,
				EBDE960A260292FA00B9E544 /* NotificationController.swift */,
				EBDE960C260292FA00B9E544 /* ComplicationController.swift */,
				EBDE960E260292FB00B9E544 /* Assets.xcassets */,
				EBDE9610260292FB00B9E544 /* Info.plist */,
				EBDE9611260292FB00B9E544 /* PushNotificationPayload.apns */,
			);
			path = "BuiltDiff WatchKit Extension";
			sourceTree = "<group>";
		};
/* End PBXGroup section */

/* Begin PBXNativeTarget section */
		EBDE95C7260292F800B9E544 /* BuiltDiff */ = {
			isa = PBXNativeTarget;
			buildConfigurationList = EBDE961C260292FB00B9E544 /* Build configuration list for PBXNativeTarget "BuiltDiff" */;
			buildPhases = (
				80E3F2A6B99CD832CD3D8199 /* [CP] Check Pods Manifest.lock */,
				EBDE95C4260292F800B9E544 /* Sources */,
				EBDE95C5260292F800B9E544 /* Frameworks */,
				EBDE95C6260292F800B9E544 /* Resources */,
				EBDE961B260292FB00B9E544 /* Embed Watch Content */,
				AC4D4AF00ACFA2939F0AEF95 /* [CP] Embed Pods Frameworks */,
			);
			buildRules = (
			);
			dependencies = (
				EBDE95F5260292F900B9E544 /* PBXTargetDependency */,
			);
			name = BuiltDiff;
			productName = BuiltDiff;
			productReference = EBDE95C8260292F800B9E544 /* BuiltDiff.app */;
			productType = "com.apple.product-type.application";
		};
		EBDE95DD260292F900B9E544 /* BuiltDiffTests */ = {
			isa = PBXNativeTarget;
			buildConfigurationList = EBDE961F260292FB00B9E544 /* Build configuration list for PBXNativeTarget "BuiltDiffTests" */;
			buildPhases = (
				ED99F3C36DEA964ED0EC5CFC /* [CP] Check Pods Manifest.lock */,
				EBDE95DA260292F900B9E544 /* Sources */,
				EBDE95DB260292F900B9E544 /* Frameworks */,
				EBDE95DC260292F900B9E544 /* Resources */,
			);
			buildRules = (
			);
			dependencies = (
				EBDE95E0260292F900B9E544 /* PBXTargetDependency */,
			);
			name = BuiltDiffTests;
			productName = BuiltDiffTests;
			productReference = EBDE95DE260292F900B9E544 /* BuiltDiffTests.xctest */;
			productType = "com.apple.product-type.bundle.unit-test";
		};
		EBDE95E8260292F900B9E544 /* BuiltDiffUITests */ = {
			isa = PBXNativeTarget;
			buildConfigurationList = EBDE9622260292FB00B9E544 /* Build configuration list for PBXNativeTarget "BuiltDiffUITests" */;
			buildPhases = (
				839AE9217F5BFCB923ED10C2 /* [CP] Check Pods Manifest.lock */,
				EBDE95E5260292F900B9E544 /* Sources */,
				EBDE95E6260292F900B9E544 /* Frameworks */,
				EBDE95E7260292F900B9E544 /* Resources */,
				6EF71141BC5AF181AEC49FBC /* [CP] Embed Pods Frameworks */,
			);
			buildRules = (
			);
			dependencies = (
				EBDE95EB260292F900B9E544 /* PBXTargetDependency */,
			);
			name = BuiltDiffUITests;
			productName = BuiltDiffUITests;
			productReference = EBDE95E9260292F900B9E544 /* BuiltDiffUITests.xctest */;
			productType = "com.apple.product-type.bundle.ui-testing";
		};
		EBDE95F1260292F900B9E544 /* BuiltDiff WatchKit App */ = {
			isa = PBXNativeTarget;
			buildConfigurationList = EBDE9618260292FB00B9E544 /* Build configuration list for PBXNativeTarget "BuiltDiff WatchKit App" */;
			buildPhases = (
				205D559CA4A1845A3AAF7CED /* [CP] Check Pods Manifest.lock */,
				EBDE95F0260292F900B9E544 /* Resources */,
				EBDE9617260292FB00B9E544 /* Embed App Extensions */,
				253055BFA34034FE1475A922 /* Frameworks */,
			);
			buildRules = (
			);
			dependencies = (
				EBDE9604260292FA00B9E544 /* PBXTargetDependency */,
			);
			name = "BuiltDiff WatchKit App";
			productName = "BuiltDiff WatchKit App";
			productReference = EBDE95F2260292F900B9E544 /* BuiltDiff WatchKit App.app */;
			productType = "com.apple.product-type.application.watchapp2";
		};
		EBDE9600260292FA00B9E544 /* BuiltDiff WatchKit Extension */ = {
			isa = PBXNativeTarget;
			buildConfigurationList = EBDE9614260292FB00B9E544 /* Build configuration list for PBXNativeTarget "BuiltDiff WatchKit Extension" */;
			buildPhases = (
				EBDE95FD260292FA00B9E544 /* Sources */,
				EBDE95FE260292FA00B9E544 /* Frameworks */,
				EBDE95FF260292FA00B9E544 /* Resources */,
			);
			buildRules = (
			);
			dependencies = (
			);
			name = "BuiltDiff WatchKit Extension";
			productName = "BuiltDiff WatchKit Extension";
			productReference = EBDE9601260292FA00B9E544 /* BuiltDiff WatchKit Extension.appex */;
			productType = "com.apple.product-type.watchkit2-extension";
		};
/* End PBXNativeTarget section */

/* Begin PBXProject section */
		EBDE95C0260292F800B9E544 /* Project object */ = {
			isa = PBXProject;
			attributes = {
				LastSwiftUpdateCheck = 1240;
				LastUpgradeCheck = 1240;
				TargetAttributes = {
					EBDE95C7260292F800B9E544 = {
						CreatedOnToolsVersion = 12.4;
					};
					EBDE95DD260292F900B9E544 = {
						CreatedOnToolsVersion = 12.4;
						TestTargetID = EBDE95C7260292F800B9E544;
					};
					EBDE95E8260292F900B9E544 = {
						CreatedOnToolsVersion = 12.4;
						TestTargetID = EBDE95C7260292F800B9E544;
					};
					EBDE95F1260292F900B9E544 = {
						CreatedOnToolsVersion = 12.4;
					};
					EBDE9600260292FA00B9E544 = {
						CreatedOnToolsVersion = 12.4;
					};
				};
			};
			buildConfigurationList = EBDE95C3260292F800B9E544 /* Build configuration list for PBXProject "BuiltDiff" */;
			compatibilityVersion = "Xcode 12.0";
			developmentRegion = en;
			hasScannedForEncodings = 0;
			knownRegions = (
				en,
				Base,
			);
			mainGroup = EBDE95BF260292F800B9E544;
			productRefGroup = EBDE95C9260292F800B9E544 /* Products */;
			projectDirPath = "";
			projectRoot = "";
			targets = (
				EBDE95C7260292F800B9E544 /* BuiltDiff */,
				EBDE95DD260292F900B9E544 /* BuiltDiffTests */,
				EBDE95E8260292F900B9E544 /* BuiltDiffUITests */,
				EBDE95F1260292F900B9E544 /* BuiltDiff WatchKit App */,
				EBDE9600260292FA00B9E544 /* BuiltDiff WatchKit Extension */,
			);
		};
/* End PBXProject section */

/* Begin PBXResourcesBuildPhase section */
		EBDE95C6260292F800B9E544 /* Resources */ = {
			isa = PBXResourcesBuildPhase;
			buildActionMask = 2147483647;
			files = (
				EBBE90A42604E8EA00D8D4D2 /* GoogleService-Info.plist in Resources */,
				EBDE95D5260292F900B9E544 /* Assets.xcassets in Resources */,
				EBDE95D3260292F800B9E544 /* Main.storyboard in Resources */,
			);
			runOnlyForDeploymentPostprocessing = 0;
		};
		EBDE95DC260292F900B9E544 /* Resources */ = {
			isa = PBXResourcesBuildPhase;
			buildActionMask = 2147483647;
			files = (
			);
			runOnlyForDeploymentPostprocessing = 0;
		};
		EBDE95E7260292F900B9E544 /* Resources */ = {
			isa = PBXResourcesBuildPhase;
			buildActionMask = 2147483647;
			files = (
			);
			runOnlyForDeploymentPostprocessing = 0;
		};
		EBDE95F0260292F900B9E544 /* Resources */ = {
			isa = PBXResourcesBuildPhase;
			buildActionMask = 2147483647;
			files = (
				EBDE95FB260292FA00B9E544 /* Assets.xcassets in Resources */,
				EBDE95F9260292F900B9E544 /* Interface.storyboard in Resources */,
			);
			runOnlyForDeploymentPostprocessing = 0;
		};
		EBDE95FF260292FA00B9E544 /* Resources */ = {
			isa = PBXResourcesBuildPhase;
			buildActionMask = 2147483647;
			files = (
				EBDE960F260292FB00B9E544 /* Assets.xcassets in Resources */,
			);
			runOnlyForDeploymentPostprocessing = 0;
		};
/* End PBXResourcesBuildPhase section */

/* Begin PBXShellScriptBuildPhase section */
		205D559CA4A1845A3AAF7CED /* [CP] Check Pods Manifest.lock */ = {
			isa = PBXShellScriptBuildPhase;
			buildActionMask = 2147483647;
			files = (
			);
			inputFileListPaths = (
			);
			inputPaths = (
				"${PODS_PODFILE_DIR_PATH}/Podfile.lock",
				"${PODS_ROOT}/Manifest.lock",
			);
			name = "[CP] Check Pods Manifest.lock";
			outputFileListPaths = (
			);
			outputPaths = (
				"$(DERIVED_FILE_DIR)/Pods-BuiltDiff WatchKit App-checkManifestLockResult.txt",
			);
			runOnlyForDeploymentPostprocessing = 0;
			shellPath = /bin/sh;
			shellScript = "diff \"${PODS_PODFILE_DIR_PATH}/Podfile.lock\" \"${PODS_ROOT}/Manifest.lock\" > /dev/null\nif [ $? != 0 ] ; then\n    # print error to STDERR\n    echo \"error: The sandbox is not in sync with the Podfile.lock. Run 'pod install' or update your CocoaPods installation.\" >&2\n    exit 1\nfi\n# This output is used by Xcode 'outputs' to avoid re-running this script phase.\necho \"SUCCESS\" > \"${SCRIPT_OUTPUT_FILE_0}\"\n";
			showEnvVarsInLog = 0;
		};
		6EF71141BC5AF181AEC49FBC /* [CP] Embed Pods Frameworks */ = {
			isa = PBXShellScriptBuildPhase;
			buildActionMask = 2147483647;
			files = (
			);
			inputFileListPaths = (
				"${PODS_ROOT}/Target Support Files/Pods-BuiltDiff-BuiltDiffUITests/Pods-BuiltDiff-BuiltDiffUITests-frameworks-${CONFIGURATION}-input-files.xcfilelist",
			);
			name = "[CP] Embed Pods Frameworks";
			outputFileListPaths = (
				"${PODS_ROOT}/Target Support Files/Pods-BuiltDiff-BuiltDiffUITests/Pods-BuiltDiff-BuiltDiffUITests-frameworks-${CONFIGURATION}-output-files.xcfilelist",
			);
			runOnlyForDeploymentPostprocessing = 0;
			shellPath = /bin/sh;
			shellScript = "\"${PODS_ROOT}/Target Support Files/Pods-BuiltDiff-BuiltDiffUITests/Pods-BuiltDiff-BuiltDiffUITests-frameworks.sh\"\n";
			showEnvVarsInLog = 0;
		};
		80E3F2A6B99CD832CD3D8199 /* [CP] Check Pods Manifest.lock */ = {
			isa = PBXShellScriptBuildPhase;
			buildActionMask = 2147483647;
			files = (
			);
			inputFileListPaths = (
			);
			inputPaths = (
				"${PODS_PODFILE_DIR_PATH}/Podfile.lock",
				"${PODS_ROOT}/Manifest.lock",
			);
			name = "[CP] Check Pods Manifest.lock";
			outputFileListPaths = (
			);
			outputPaths = (
				"$(DERIVED_FILE_DIR)/Pods-BuiltDiff-checkManifestLockResult.txt",
			);
			runOnlyForDeploymentPostprocessing = 0;
			shellPath = /bin/sh;
			shellScript = "diff \"${PODS_PODFILE_DIR_PATH}/Podfile.lock\" \"${PODS_ROOT}/Manifest.lock\" > /dev/null\nif [ $? != 0 ] ; then\n    # print error to STDERR\n    echo \"error: The sandbox is not in sync with the Podfile.lock. Run 'pod install' or update your CocoaPods installation.\" >&2\n    exit 1\nfi\n# This output is used by Xcode 'outputs' to avoid re-running this script phase.\necho \"SUCCESS\" > \"${SCRIPT_OUTPUT_FILE_0}\"\n";
			showEnvVarsInLog = 0;
		};
		839AE9217F5BFCB923ED10C2 /* [CP] Check Pods Manifest.lock */ = {
			isa = PBXShellScriptBuildPhase;
			buildActionMask = 2147483647;
			files = (
			);
			inputFileListPaths = (
			);
			inputPaths = (
				"${PODS_PODFILE_DIR_PATH}/Podfile.lock",
				"${PODS_ROOT}/Manifest.lock",
			);
			name = "[CP] Check Pods Manifest.lock";
			outputFileListPaths = (
			);
			outputPaths = (
				"$(DERIVED_FILE_DIR)/Pods-BuiltDiff-BuiltDiffUITests-checkManifestLockResult.txt",
			);
			runOnlyForDeploymentPostprocessing = 0;
			shellPath = /bin/sh;
			shellScript = "diff \"${PODS_PODFILE_DIR_PATH}/Podfile.lock\" \"${PODS_ROOT}/Manifest.lock\" > /dev/null\nif [ $? != 0 ] ; then\n    # print error to STDERR\n    echo \"error: The sandbox is not in sync with the Podfile.lock. Run 'pod install' or update your CocoaPods installation.\" >&2\n    exit 1\nfi\n# This output is used by Xcode 'outputs' to avoid re-running this script phase.\necho \"SUCCESS\" > \"${SCRIPT_OUTPUT_FILE_0}\"\n";
			showEnvVarsInLog = 0;
		};
		AC4D4AF00ACFA2939F0AEF95 /* [CP] Embed Pods Frameworks */ = {
			isa = PBXShellScriptBuildPhase;
			buildActionMask = 2147483647;
			files = (
			);
			inputFileListPaths = (
				"${PODS_ROOT}/Target Support Files/Pods-BuiltDiff/Pods-BuiltDiff-frameworks-${CONFIGURATION}-input-files.xcfilelist",
			);
			name = "[CP] Embed Pods Frameworks";
			outputFileListPaths = (
				"${PODS_ROOT}/Target Support Files/Pods-BuiltDiff/Pods-BuiltDiff-frameworks-${CONFIGURATION}-output-files.xcfilelist",
			);
			runOnlyForDeploymentPostprocessing = 0;
			shellPath = /bin/sh;
			shellScript = "\"${PODS_ROOT}/Target Support Files/Pods-BuiltDiff/Pods-BuiltDiff-frameworks.sh\"\n";
			showEnvVarsInLog = 0;
		};
		ED99F3C36DEA964ED0EC5CFC /* [CP] Check Pods Manifest.lock */ = {
			isa = PBXShellScriptBuildPhase;
			buildActionMask = 2147483647;
			files = (
			);
			inputFileListPaths = (
			);
			inputPaths = (
				"${PODS_PODFILE_DIR_PATH}/Podfile.lock",
				"${PODS_ROOT}/Manifest.lock",
			);
			name = "[CP] Check Pods Manifest.lock";
			outputFileListPaths = (
			);
			outputPaths = (
				"$(DERIVED_FILE_DIR)/Pods-BuiltDiffTests-checkManifestLockResult.txt",
			);
			runOnlyForDeploymentPostprocessing = 0;
			shellPath = /bin/sh;
			shellScript = "diff \"${PODS_PODFILE_DIR_PATH}/Podfile.lock\" \"${PODS_ROOT}/Manifest.lock\" > /dev/null\nif [ $? != 0 ] ; then\n    # print error to STDERR\n    echo \"error: The sandbox is not in sync with the Podfile.lock. Run 'pod install' or update your CocoaPods installation.\" >&2\n    exit 1\nfi\n# This output is used by Xcode 'outputs' to avoid re-running this script phase.\necho \"SUCCESS\" > \"${SCRIPT_OUTPUT_FILE_0}\"\n";
			showEnvVarsInLog = 0;
		};
/* End PBXShellScriptBuildPhase section */

/* Begin PBXSourcesBuildPhase section */
		EBDE95C4260292F800B9E544 /* Sources */ = {
			isa = PBXSourcesBuildPhase;
			buildActionMask = 2147483647;
			files = (
				73118F4027091784005FE169 /* GroupViewController.swift in Sources */,
				73118F3C27091745005FE169 /* LoginViewController.swift in Sources */,
				75050FE7271AB84B00B79C41 /* AchievementViewController.swift in Sources */,
				EB3FC1EE274DCB630049842D /* Exercise.swift in Sources */,
				EB3FC1EA27499E510049842D /* Workout.swift in Sources */,
				EBDE95D0260292F800B9E544 /* ViewController.swift in Sources */,
				EB3FC1EC27499E670049842D /* WorkoutTask.swift in Sources */,
				75BB15B72735991F00FCF5D9 /* (null) in Sources */,
				75F97BE32746F7A40066D631 /* CreateWorkoutViewController.swift in Sources */,
				EB5D5A9E27120DF500027E00 /* Group.swift in Sources */,
				75008413274D9EA300A998A4 /* InspectExerciseViewController.swift in Sources */,
				75F97BDF2746EC260066D631 /* (null) in Sources */,
				730C264B2718CD6700B4152E /* AchievementsCollectionViewCell.swift in Sources */,
				EBDE95CC260292F800B9E544 /* AppDelegate.swift in Sources */,
				73118F3E27091778005FE169 /* HomeViewController.swift in Sources */,
				EBDE95CE260292F800B9E544 /* SceneDelegate.swift in Sources */,
				75F97BE12746F71E0066D631 /* WatchInformationViewController.swift in Sources */,
				730C26472718C45200B4152E /* CreateGroupViewController.swift in Sources */,
				735F471B271A33F300309D08 /* JoinGroupCollectionViewCell.swift in Sources */,
				73118F4227091790005FE169 /* ExerciseViewController.swift in Sources */,
				7355B8942743002900501F72 /* GroupDetailsCollectionViewCell.swift in Sources */,
				730E0609273AF8AA00C95E00 /* ListGroupsCollectionViewCell.swift in Sources */,
				75F97BE72746FFBD0066D631 /* WorkoutListViewController.swift in Sources */,
				73EB85F2274DBBA800015AF2 /* WorkoutDetailViewController.swift in Sources */,
				75F97BE52746F81C0066D631 /* ExerciseHomeViewController.swift in Sources */,
				EB205FB1260D3A4500C65260 /* RegisterViewController.swift in Sources */,
				EB5D5A962710B71700027E00 /* Profile.swift in Sources */,
				75B4D17B261015B800DF4932 /* ProfileViewController.swift in Sources */,
				75BB15B3273583E900FCF5D9 /* (null) in Sources */,
				73F61169273EE80C0007E6FE /* GroupDetailsViewController.swift in Sources */,
				73C8294A271B515F000091B9 /* ListGroupsViewController.swift in Sources */,
				EBC3240F26FFDC9E00DA426A /* FirebaseAccessLayer.swift in Sources */,
				7355B8962743183100501F72 /* CreateExerciseCollectionViewCell.swift in Sources */,
				730C2641271632D600B4152E /* JoinGroupViewController.swift in Sources */,
				75AAB95E2719142500D83903 /* AchievementChecker.swift in Sources */,
				73F9069A2712260C004E200F /* CustomCollectionViewCell.swift in Sources */,
			);
			runOnlyForDeploymentPostprocessing = 0;
		};
		EBDE95DA260292F900B9E544 /* Sources */ = {
			isa = PBXSourcesBuildPhase;
			buildActionMask = 2147483647;
			files = (
				EBDE95E3260292F900B9E544 /* BuiltDiffTests.swift in Sources */,
			);
			runOnlyForDeploymentPostprocessing = 0;
		};
		EBDE95E5260292F900B9E544 /* Sources */ = {
			isa = PBXSourcesBuildPhase;
			buildActionMask = 2147483647;
			files = (
				EBDE95EE260292F900B9E544 /* BuiltDiffUITests.swift in Sources */,
			);
			runOnlyForDeploymentPostprocessing = 0;
		};
		EBDE95FD260292FA00B9E544 /* Sources */ = {
			isa = PBXSourcesBuildPhase;
			buildActionMask = 2147483647;
			files = (
				EBDE960B260292FA00B9E544 /* NotificationController.swift in Sources */,
				EBDE960D260292FA00B9E544 /* ComplicationController.swift in Sources */,
				EBDE9609260292FA00B9E544 /* ExtensionDelegate.swift in Sources */,
				EBDE9607260292FA00B9E544 /* InterfaceController.swift in Sources */,
			);
			runOnlyForDeploymentPostprocessing = 0;
		};
/* End PBXSourcesBuildPhase section */

/* Begin PBXTargetDependency section */
		EBDE95E0260292F900B9E544 /* PBXTargetDependency */ = {
			isa = PBXTargetDependency;
			target = EBDE95C7260292F800B9E544 /* BuiltDiff */;
			targetProxy = EBDE95DF260292F900B9E544 /* PBXContainerItemProxy */;
		};
		EBDE95EB260292F900B9E544 /* PBXTargetDependency */ = {
			isa = PBXTargetDependency;
			target = EBDE95C7260292F800B9E544 /* BuiltDiff */;
			targetProxy = EBDE95EA260292F900B9E544 /* PBXContainerItemProxy */;
		};
		EBDE95F5260292F900B9E544 /* PBXTargetDependency */ = {
			isa = PBXTargetDependency;
			target = EBDE95F1260292F900B9E544 /* BuiltDiff WatchKit App */;
			targetProxy = EBDE95F4260292F900B9E544 /* PBXContainerItemProxy */;
		};
		EBDE9604260292FA00B9E544 /* PBXTargetDependency */ = {
			isa = PBXTargetDependency;
			target = EBDE9600260292FA00B9E544 /* BuiltDiff WatchKit Extension */;
			targetProxy = EBDE9603260292FA00B9E544 /* PBXContainerItemProxy */;
		};
/* End PBXTargetDependency section */

/* Begin PBXVariantGroup section */
		EBDE95D1260292F800B9E544 /* Main.storyboard */ = {
			isa = PBXVariantGroup;
			children = (
				EBDE95D2260292F800B9E544 /* Base */,
			);
			name = Main.storyboard;
			sourceTree = "<group>";
		};
		EBDE95F7260292F900B9E544 /* Interface.storyboard */ = {
			isa = PBXVariantGroup;
			children = (
				EBDE95F8260292F900B9E544 /* Base */,
			);
			name = Interface.storyboard;
			sourceTree = "<group>";
		};
/* End PBXVariantGroup section */

/* Begin XCBuildConfiguration section */
		EBDE9612260292FB00B9E544 /* Debug */ = {
			isa = XCBuildConfiguration;
			buildSettings = {
				ALWAYS_SEARCH_USER_PATHS = NO;
				CLANG_ANALYZER_NONNULL = YES;
				CLANG_ANALYZER_NUMBER_OBJECT_CONVERSION = YES_AGGRESSIVE;
				CLANG_CXX_LANGUAGE_STANDARD = "gnu++14";
				CLANG_CXX_LIBRARY = "libc++";
				CLANG_ENABLE_MODULES = YES;
				CLANG_ENABLE_OBJC_ARC = YES;
				CLANG_ENABLE_OBJC_WEAK = YES;
				CLANG_WARN_BLOCK_CAPTURE_AUTORELEASING = YES;
				CLANG_WARN_BOOL_CONVERSION = YES;
				CLANG_WARN_COMMA = YES;
				CLANG_WARN_CONSTANT_CONVERSION = YES;
				CLANG_WARN_DEPRECATED_OBJC_IMPLEMENTATIONS = YES;
				CLANG_WARN_DIRECT_OBJC_ISA_USAGE = YES_ERROR;
				CLANG_WARN_DOCUMENTATION_COMMENTS = YES;
				CLANG_WARN_EMPTY_BODY = YES;
				CLANG_WARN_ENUM_CONVERSION = YES;
				CLANG_WARN_INFINITE_RECURSION = YES;
				CLANG_WARN_INT_CONVERSION = YES;
				CLANG_WARN_NON_LITERAL_NULL_CONVERSION = YES;
				CLANG_WARN_OBJC_IMPLICIT_RETAIN_SELF = YES;
				CLANG_WARN_OBJC_LITERAL_CONVERSION = YES;
				CLANG_WARN_OBJC_ROOT_CLASS = YES_ERROR;
				CLANG_WARN_QUOTED_INCLUDE_IN_FRAMEWORK_HEADER = YES;
				CLANG_WARN_RANGE_LOOP_ANALYSIS = YES;
				CLANG_WARN_STRICT_PROTOTYPES = YES;
				CLANG_WARN_SUSPICIOUS_MOVE = YES;
				CLANG_WARN_UNGUARDED_AVAILABILITY = YES_AGGRESSIVE;
				CLANG_WARN_UNREACHABLE_CODE = YES;
				CLANG_WARN__DUPLICATE_METHOD_MATCH = YES;
				COPY_PHASE_STRIP = NO;
				DEBUG_INFORMATION_FORMAT = dwarf;
				ENABLE_STRICT_OBJC_MSGSEND = YES;
				ENABLE_TESTABILITY = YES;
				GCC_C_LANGUAGE_STANDARD = gnu11;
				GCC_DYNAMIC_NO_PIC = NO;
				GCC_NO_COMMON_BLOCKS = YES;
				GCC_OPTIMIZATION_LEVEL = 0;
				GCC_PREPROCESSOR_DEFINITIONS = (
					"DEBUG=1",
					"$(inherited)",
				);
				GCC_WARN_64_TO_32_BIT_CONVERSION = YES;
				GCC_WARN_ABOUT_RETURN_TYPE = YES_ERROR;
				GCC_WARN_UNDECLARED_SELECTOR = YES;
				GCC_WARN_UNINITIALIZED_AUTOS = YES_AGGRESSIVE;
				GCC_WARN_UNUSED_FUNCTION = YES;
				GCC_WARN_UNUSED_VARIABLE = YES;
				MTL_ENABLE_DEBUG_INFO = INCLUDE_SOURCE;
				MTL_FAST_MATH = YES;
				ONLY_ACTIVE_ARCH = YES;
				SWIFT_ACTIVE_COMPILATION_CONDITIONS = DEBUG;
				SWIFT_OPTIMIZATION_LEVEL = "-Onone";
			};
			name = Debug;
		};
		EBDE9613260292FB00B9E544 /* Release */ = {
			isa = XCBuildConfiguration;
			buildSettings = {
				ALWAYS_SEARCH_USER_PATHS = NO;
				CLANG_ANALYZER_NONNULL = YES;
				CLANG_ANALYZER_NUMBER_OBJECT_CONVERSION = YES_AGGRESSIVE;
				CLANG_CXX_LANGUAGE_STANDARD = "gnu++14";
				CLANG_CXX_LIBRARY = "libc++";
				CLANG_ENABLE_MODULES = YES;
				CLANG_ENABLE_OBJC_ARC = YES;
				CLANG_ENABLE_OBJC_WEAK = YES;
				CLANG_WARN_BLOCK_CAPTURE_AUTORELEASING = YES;
				CLANG_WARN_BOOL_CONVERSION = YES;
				CLANG_WARN_COMMA = YES;
				CLANG_WARN_CONSTANT_CONVERSION = YES;
				CLANG_WARN_DEPRECATED_OBJC_IMPLEMENTATIONS = YES;
				CLANG_WARN_DIRECT_OBJC_ISA_USAGE = YES_ERROR;
				CLANG_WARN_DOCUMENTATION_COMMENTS = YES;
				CLANG_WARN_EMPTY_BODY = YES;
				CLANG_WARN_ENUM_CONVERSION = YES;
				CLANG_WARN_INFINITE_RECURSION = YES;
				CLANG_WARN_INT_CONVERSION = YES;
				CLANG_WARN_NON_LITERAL_NULL_CONVERSION = YES;
				CLANG_WARN_OBJC_IMPLICIT_RETAIN_SELF = YES;
				CLANG_WARN_OBJC_LITERAL_CONVERSION = YES;
				CLANG_WARN_OBJC_ROOT_CLASS = YES_ERROR;
				CLANG_WARN_QUOTED_INCLUDE_IN_FRAMEWORK_HEADER = YES;
				CLANG_WARN_RANGE_LOOP_ANALYSIS = YES;
				CLANG_WARN_STRICT_PROTOTYPES = YES;
				CLANG_WARN_SUSPICIOUS_MOVE = YES;
				CLANG_WARN_UNGUARDED_AVAILABILITY = YES_AGGRESSIVE;
				CLANG_WARN_UNREACHABLE_CODE = YES;
				CLANG_WARN__DUPLICATE_METHOD_MATCH = YES;
				COPY_PHASE_STRIP = NO;
				DEBUG_INFORMATION_FORMAT = "dwarf-with-dsym";
				ENABLE_NS_ASSERTIONS = NO;
				ENABLE_STRICT_OBJC_MSGSEND = YES;
				GCC_C_LANGUAGE_STANDARD = gnu11;
				GCC_NO_COMMON_BLOCKS = YES;
				GCC_WARN_64_TO_32_BIT_CONVERSION = YES;
				GCC_WARN_ABOUT_RETURN_TYPE = YES_ERROR;
				GCC_WARN_UNDECLARED_SELECTOR = YES;
				GCC_WARN_UNINITIALIZED_AUTOS = YES_AGGRESSIVE;
				GCC_WARN_UNUSED_FUNCTION = YES;
				GCC_WARN_UNUSED_VARIABLE = YES;
				MTL_ENABLE_DEBUG_INFO = NO;
				MTL_FAST_MATH = YES;
				SWIFT_COMPILATION_MODE = wholemodule;
				SWIFT_OPTIMIZATION_LEVEL = "-O";
			};
			name = Release;
		};
		EBDE9615260292FB00B9E544 /* Debug */ = {
			isa = XCBuildConfiguration;
			buildSettings = {
				ASSETCATALOG_COMPILER_COMPLICATION_NAME = Complication;
				CODE_SIGN_ENTITLEMENTS = "BuiltDiff WatchKit Extension/BuiltDiff WatchKit Extension.entitlements";
				CODE_SIGN_STYLE = Automatic;
				DEVELOPMENT_TEAM = W22XKCBSX7;
				INFOPLIST_FILE = "BuiltDiff WatchKit Extension/Info.plist";
				LD_RUNPATH_SEARCH_PATHS = (
					"$(inherited)",
					"@executable_path/Frameworks",
					"@executable_path/../../Frameworks",
				);
				PRODUCT_BUNDLE_IDENTIFIER = untalanc.BuiltDiff.watchkitapp.watchkitextension;
				PRODUCT_NAME = "${TARGET_NAME}";
				SDKROOT = watchos;
				SKIP_INSTALL = YES;
				SWIFT_VERSION = 5.0;
				TARGETED_DEVICE_FAMILY = 4;
				WATCHOS_DEPLOYMENT_TARGET = 7.2;
			};
			name = Debug;
		};
		EBDE9616260292FB00B9E544 /* Release */ = {
			isa = XCBuildConfiguration;
			buildSettings = {
				ASSETCATALOG_COMPILER_COMPLICATION_NAME = Complication;
				CODE_SIGN_ENTITLEMENTS = "BuiltDiff WatchKit Extension/BuiltDiff WatchKit Extension.entitlements";
				CODE_SIGN_STYLE = Automatic;
				DEVELOPMENT_TEAM = W22XKCBSX7;
				INFOPLIST_FILE = "BuiltDiff WatchKit Extension/Info.plist";
				LD_RUNPATH_SEARCH_PATHS = (
					"$(inherited)",
					"@executable_path/Frameworks",
					"@executable_path/../../Frameworks",
				);
				PRODUCT_BUNDLE_IDENTIFIER = untalanc.BuiltDiff.watchkitapp.watchkitextension;
				PRODUCT_NAME = "${TARGET_NAME}";
				SDKROOT = watchos;
				SKIP_INSTALL = YES;
				SWIFT_VERSION = 5.0;
				TARGETED_DEVICE_FAMILY = 4;
				VALIDATE_PRODUCT = YES;
				WATCHOS_DEPLOYMENT_TARGET = 7.2;
			};
			name = Release;
		};
		EBDE9619260292FB00B9E544 /* Debug */ = {
			isa = XCBuildConfiguration;
			baseConfigurationReference = 59887B5BBE7F80180489E854 /* Pods-BuiltDiff WatchKit App.debug.xcconfig */;
			buildSettings = {
				ALWAYS_EMBED_SWIFT_STANDARD_LIBRARIES = YES;
				ASSETCATALOG_COMPILER_APPICON_NAME = AppIcon;
				ASSETCATALOG_COMPILER_GLOBAL_ACCENT_COLOR_NAME = AccentColor;
				CODE_SIGN_STYLE = Automatic;
				DEVELOPMENT_TEAM = W22XKCBSX7;
				IBSC_MODULE = BuiltDiff_WatchKit_Extension;
				INFOPLIST_FILE = "BuiltDiff WatchKit App/Info.plist";
				PRODUCT_BUNDLE_IDENTIFIER = untalanc.BuiltDiff.watchkitapp;
				PRODUCT_NAME = "$(TARGET_NAME)";
				SDKROOT = watchos;
				SKIP_INSTALL = YES;
				SWIFT_VERSION = 5.0;
				TARGETED_DEVICE_FAMILY = 4;
				WATCHOS_DEPLOYMENT_TARGET = 7.2;
			};
			name = Debug;
		};
		EBDE961A260292FB00B9E544 /* Release */ = {
			isa = XCBuildConfiguration;
			baseConfigurationReference = CAA0453AD9842FE6BB3DAC65 /* Pods-BuiltDiff WatchKit App.release.xcconfig */;
			buildSettings = {
				ALWAYS_EMBED_SWIFT_STANDARD_LIBRARIES = YES;
				ASSETCATALOG_COMPILER_APPICON_NAME = AppIcon;
				ASSETCATALOG_COMPILER_GLOBAL_ACCENT_COLOR_NAME = AccentColor;
				CODE_SIGN_STYLE = Automatic;
				DEVELOPMENT_TEAM = W22XKCBSX7;
				IBSC_MODULE = BuiltDiff_WatchKit_Extension;
				INFOPLIST_FILE = "BuiltDiff WatchKit App/Info.plist";
				PRODUCT_BUNDLE_IDENTIFIER = untalanc.BuiltDiff.watchkitapp;
				PRODUCT_NAME = "$(TARGET_NAME)";
				SDKROOT = watchos;
				SKIP_INSTALL = YES;
				SWIFT_VERSION = 5.0;
				TARGETED_DEVICE_FAMILY = 4;
				VALIDATE_PRODUCT = YES;
				WATCHOS_DEPLOYMENT_TARGET = 7.2;
			};
			name = Release;
		};
		EBDE961D260292FB00B9E544 /* Debug */ = {
			isa = XCBuildConfiguration;
			baseConfigurationReference = 8820FCDCE68D4B70BB59BF39 /* Pods-BuiltDiff.debug.xcconfig */;
			buildSettings = {
				ASSETCATALOG_COMPILER_APPICON_NAME = AppIcon;
				ASSETCATALOG_COMPILER_GLOBAL_ACCENT_COLOR_NAME = AccentColor;
				CODE_SIGN_ENTITLEMENTS = BuiltDiff/BuiltDiff.entitlements;
				CODE_SIGN_STYLE = Automatic;
				DEVELOPMENT_TEAM = W22XKCBSX7;
				INFOPLIST_FILE = BuiltDiff/Info.plist;
				IPHONEOS_DEPLOYMENT_TARGET = 15.0;
				LD_RUNPATH_SEARCH_PATHS = (
					"$(inherited)",
					"@executable_path/Frameworks",
				);
				PRODUCT_BUNDLE_IDENTIFIER = untalanc.BuiltDiff;
				PRODUCT_NAME = "$(TARGET_NAME)";
				SDKROOT = iphoneos;
				SWIFT_VERSION = 5.0;
				TARGETED_DEVICE_FAMILY = "1,2";
				Test = "";
			};
			name = Debug;
		};
		EBDE961E260292FB00B9E544 /* Release */ = {
			isa = XCBuildConfiguration;
			baseConfigurationReference = 4DCBB9C3200483437BD55520 /* Pods-BuiltDiff.release.xcconfig */;
			buildSettings = {
				ASSETCATALOG_COMPILER_APPICON_NAME = AppIcon;
				ASSETCATALOG_COMPILER_GLOBAL_ACCENT_COLOR_NAME = AccentColor;
				CODE_SIGN_ENTITLEMENTS = BuiltDiff/BuiltDiff.entitlements;
				CODE_SIGN_STYLE = Automatic;
				DEVELOPMENT_TEAM = W22XKCBSX7;
				INFOPLIST_FILE = BuiltDiff/Info.plist;
				IPHONEOS_DEPLOYMENT_TARGET = 15.0;
				LD_RUNPATH_SEARCH_PATHS = (
					"$(inherited)",
					"@executable_path/Frameworks",
				);
				PRODUCT_BUNDLE_IDENTIFIER = untalanc.BuiltDiff;
				PRODUCT_NAME = "$(TARGET_NAME)";
				SDKROOT = iphoneos;
				SWIFT_VERSION = 5.0;
				TARGETED_DEVICE_FAMILY = "1,2";
				Test = "";
				VALIDATE_PRODUCT = YES;
			};
			name = Release;
		};
		EBDE9620260292FB00B9E544 /* Debug */ = {
			isa = XCBuildConfiguration;
			baseConfigurationReference = D0BDB212FABC51C57F70E3BA /* Pods-BuiltDiffTests.debug.xcconfig */;
			buildSettings = {
				ALWAYS_EMBED_SWIFT_STANDARD_LIBRARIES = YES;
				BUNDLE_LOADER = "$(TEST_HOST)";
				CODE_SIGN_STYLE = Automatic;
				DEVELOPMENT_TEAM = W22XKCBSX7;
				INFOPLIST_FILE = BuiltDiffTests/Info.plist;
				IPHONEOS_DEPLOYMENT_TARGET = 14.4;
				LD_RUNPATH_SEARCH_PATHS = (
					"$(inherited)",
					"@executable_path/Frameworks",
					"@loader_path/Frameworks",
				);
				PRODUCT_BUNDLE_IDENTIFIER = untalanc.BuiltDiffTests;
				PRODUCT_NAME = "$(TARGET_NAME)";
				SDKROOT = iphoneos;
				SWIFT_VERSION = 5.0;
				TARGETED_DEVICE_FAMILY = "1,2";
				TEST_HOST = "$(BUILT_PRODUCTS_DIR)/BuiltDiff.app/BuiltDiff";
			};
			name = Debug;
		};
		EBDE9621260292FB00B9E544 /* Release */ = {
			isa = XCBuildConfiguration;
			baseConfigurationReference = 6470452FF69AE3AD2639BC25 /* Pods-BuiltDiffTests.release.xcconfig */;
			buildSettings = {
				ALWAYS_EMBED_SWIFT_STANDARD_LIBRARIES = YES;
				BUNDLE_LOADER = "$(TEST_HOST)";
				CODE_SIGN_STYLE = Automatic;
				DEVELOPMENT_TEAM = W22XKCBSX7;
				INFOPLIST_FILE = BuiltDiffTests/Info.plist;
				IPHONEOS_DEPLOYMENT_TARGET = 14.4;
				LD_RUNPATH_SEARCH_PATHS = (
					"$(inherited)",
					"@executable_path/Frameworks",
					"@loader_path/Frameworks",
				);
				PRODUCT_BUNDLE_IDENTIFIER = untalanc.BuiltDiffTests;
				PRODUCT_NAME = "$(TARGET_NAME)";
				SDKROOT = iphoneos;
				SWIFT_VERSION = 5.0;
				TARGETED_DEVICE_FAMILY = "1,2";
				TEST_HOST = "$(BUILT_PRODUCTS_DIR)/BuiltDiff.app/BuiltDiff";
				VALIDATE_PRODUCT = YES;
			};
			name = Release;
		};
		EBDE9623260292FB00B9E544 /* Debug */ = {
			isa = XCBuildConfiguration;
			baseConfigurationReference = 6A40F75D6B158312FB73D78D /* Pods-BuiltDiff-BuiltDiffUITests.debug.xcconfig */;
			buildSettings = {
				ALWAYS_EMBED_SWIFT_STANDARD_LIBRARIES = YES;
				CODE_SIGN_STYLE = Automatic;
				DEVELOPMENT_TEAM = W22XKCBSX7;
				INFOPLIST_FILE = BuiltDiffUITests/Info.plist;
				IPHONEOS_DEPLOYMENT_TARGET = 14.4;
				LD_RUNPATH_SEARCH_PATHS = (
					"$(inherited)",
					"@executable_path/Frameworks",
					"@loader_path/Frameworks",
				);
				PRODUCT_BUNDLE_IDENTIFIER = untalanc.BuiltDiffUITests;
				PRODUCT_NAME = "$(TARGET_NAME)";
				SDKROOT = iphoneos;
				SWIFT_VERSION = 5.0;
				TARGETED_DEVICE_FAMILY = "1,2";
				TEST_TARGET_NAME = BuiltDiff;
			};
			name = Debug;
		};
		EBDE9624260292FB00B9E544 /* Release */ = {
			isa = XCBuildConfiguration;
			baseConfigurationReference = 2C366CA4093CE6034CC7732D /* Pods-BuiltDiff-BuiltDiffUITests.release.xcconfig */;
			buildSettings = {
				ALWAYS_EMBED_SWIFT_STANDARD_LIBRARIES = YES;
				CODE_SIGN_STYLE = Automatic;
				DEVELOPMENT_TEAM = W22XKCBSX7;
				INFOPLIST_FILE = BuiltDiffUITests/Info.plist;
				IPHONEOS_DEPLOYMENT_TARGET = 14.4;
				LD_RUNPATH_SEARCH_PATHS = (
					"$(inherited)",
					"@executable_path/Frameworks",
					"@loader_path/Frameworks",
				);
				PRODUCT_BUNDLE_IDENTIFIER = untalanc.BuiltDiffUITests;
				PRODUCT_NAME = "$(TARGET_NAME)";
				SDKROOT = iphoneos;
				SWIFT_VERSION = 5.0;
				TARGETED_DEVICE_FAMILY = "1,2";
				TEST_TARGET_NAME = BuiltDiff;
				VALIDATE_PRODUCT = YES;
			};
			name = Release;
		};
/* End XCBuildConfiguration section */

/* Begin XCConfigurationList section */
		EBDE95C3260292F800B9E544 /* Build configuration list for PBXProject "BuiltDiff" */ = {
			isa = XCConfigurationList;
			buildConfigurations = (
				EBDE9612260292FB00B9E544 /* Debug */,
				EBDE9613260292FB00B9E544 /* Release */,
			);
			defaultConfigurationIsVisible = 0;
			defaultConfigurationName = Release;
		};
		EBDE9614260292FB00B9E544 /* Build configuration list for PBXNativeTarget "BuiltDiff WatchKit Extension" */ = {
			isa = XCConfigurationList;
			buildConfigurations = (
				EBDE9615260292FB00B9E544 /* Debug */,
				EBDE9616260292FB00B9E544 /* Release */,
			);
			defaultConfigurationIsVisible = 0;
			defaultConfigurationName = Release;
		};
		EBDE9618260292FB00B9E544 /* Build configuration list for PBXNativeTarget "BuiltDiff WatchKit App" */ = {
			isa = XCConfigurationList;
			buildConfigurations = (
				EBDE9619260292FB00B9E544 /* Debug */,
				EBDE961A260292FB00B9E544 /* Release */,
			);
			defaultConfigurationIsVisible = 0;
			defaultConfigurationName = Release;
		};
		EBDE961C260292FB00B9E544 /* Build configuration list for PBXNativeTarget "BuiltDiff" */ = {
			isa = XCConfigurationList;
			buildConfigurations = (
				EBDE961D260292FB00B9E544 /* Debug */,
				EBDE961E260292FB00B9E544 /* Release */,
			);
			defaultConfigurationIsVisible = 0;
			defaultConfigurationName = Release;
		};
		EBDE961F260292FB00B9E544 /* Build configuration list for PBXNativeTarget "BuiltDiffTests" */ = {
			isa = XCConfigurationList;
			buildConfigurations = (
				EBDE9620260292FB00B9E544 /* Debug */,
				EBDE9621260292FB00B9E544 /* Release */,
			);
			defaultConfigurationIsVisible = 0;
			defaultConfigurationName = Release;
		};
		EBDE9622260292FB00B9E544 /* Build configuration list for PBXNativeTarget "BuiltDiffUITests" */ = {
			isa = XCConfigurationList;
			buildConfigurations = (
				EBDE9623260292FB00B9E544 /* Debug */,
				EBDE9624260292FB00B9E544 /* Release */,
			);
			defaultConfigurationIsVisible = 0;
			defaultConfigurationName = Release;
		};
/* End XCConfigurationList section */
	};
	rootObject = EBDE95C0260292F800B9E544 /* Project object */;
}
